
Microsoft Visual Studio Solution File, Format Version 12.00
# Visual Studio 2013
VisualStudioVersion = 12.0.40629.0
MinimumVisualStudioVersion = 10.0.40219.1
Project("{2150E333-8FDC-42A3-9474-1A3956D46DE8}") = "1.实体层", "1.实体层", "{FF8C248A-5E13-43B9-9497-BD19A14CEA5C}"
EndProject
Project("{2150E333-8FDC-42A3-9474-1A3956D46DE8}") = "2.数据层", "2.数据层", "{06F40163-9AEA-45C1-A469-791397166B62}"
EndProject
Project("{2150E333-8FDC-42A3-9474-1A3956D46DE8}") = "3.业务层", "3.业务层", "{E6981B73-BAD0-4531-9375-A837C8ACDA11}"
EndProject
Project("{2150E333-8FDC-42A3-9474-1A3956D46DE8}") = "4.服务层", "4.服务层", "{E979093F-5489-4959-894A-9120CEC59F08}"
EndProject
Project("{2150E333-8FDC-42A3-9474-1A3956D46DE8}") = "5.UI层", "5.UI层", "{810A022D-0D8D-4039-A02B-3E93BB918F88}"
EndProject
Project("{2150E333-8FDC-42A3-9474-1A3956D46DE8}") = "0.公共层", "0.公共层", "{92921313-4263-4C69-9D8C-9731A32F2DA0}"
EndProject
Project("{2150E333-8FDC-42A3-9474-1A3956D46DE8}") = "6.测试层", "6.测试层", "{198654B8-30BA-4C69-8773-A2C7458E7B9D}"
EndProject
Project("{FAE04EC0-301F-11D3-BF4B-00C04F79EFBC}") = "HKSJ.WBVV.Common", "HKSJ.WBVV.Common\HKSJ.WBVV.Common.csproj", "{E615A07F-9E1B-4DC8-9156-4753537E6CE4}"
EndProject
Project("{FAE04EC0-301F-11D3-BF4B-00C04F79EFBC}") = "HKSJ.WBVV.Entity", "HKSJ.WBVV.Entity\HKSJ.WBVV.Entity.csproj", "{A1173F2F-1E49-4D67-B65C-AE8A116310E8}"
EndProject
Project("{FAE04EC0-301F-11D3-BF4B-00C04F79EFBC}") = "HKSJ.WBVV.Model", "HKSJ.WBVV.Model\HKSJ.WBVV.Model.csproj", "{5171FC5B-78C9-4776-ABD3-28C2D46D8CF5}"
EndProject
Project("{FAE04EC0-301F-11D3-BF4B-00C04F79EFBC}") = "HKSJ.WBVV.Repository", "HKSJ.WBVV.Repository\HKSJ.WBVV.Repository.csproj", "{88B7EF23-3930-4C34-943F-D95ADD960DF1}"
EndProject
Project("{FAE04EC0-301F-11D3-BF4B-00C04F79EFBC}") = "HKSJ.WBVV.Repository.Interface", "HKSJ.WBVV.Repository.Interface\HKSJ.WBVV.Repository.Interface.csproj", "{1A6D040C-FD3E-4658-A47E-1F2523E63797}"
EndProject
Project("{FAE04EC0-301F-11D3-BF4B-00C04F79EFBC}") = "HKSJ.WBVV.Business", "HKSJ.WBVV.Business\HKSJ.WBVV.Business.csproj", "{41AE62D3-B7EF-4F09-9EAF-BC9DA17A3CDD}"
EndProject
Project("{FAE04EC0-301F-11D3-BF4B-00C04F79EFBC}") = "HKSJ.WBVV.Business.Interface", "HKSJ.WBVV.Business.Interface\HKSJ.WBVV.Business.Interface.csproj", "{1A2B6EE9-A295-4120-9019-ADC893837A89}"
EndProject
Project("{FAE04EC0-301F-11D3-BF4B-00C04F79EFBC}") = "HKSJ.WBVV.Api", "HKSJ.WBVV.Api\HKSJ.WBVV.Api.csproj", "{D51DB4E1-E43F-428B-B16B-A33FCBECC600}"
EndProject
Project("{FAE04EC0-301F-11D3-BF4B-00C04F79EFBC}") = "HKSJ.WBVV.Api.Host", "HKSJ.WBVV.Api.Host\HKSJ.WBVV.Api.Host.csproj", "{B28A7E4B-7983-44D3-8A94-DA363BD0AB34}"
EndProject
Project("{FAE04EC0-301F-11D3-BF4B-00C04F79EFBC}") = "HKSJ.WBVV.Test", "HKSJ.WBVV.Test\HKSJ.WBVV.Test.csproj", "{C5446589-9CB2-4DBB-A228-E10D39C248B4}"
EndProject
Project("{FAE04EC0-301F-11D3-BF4B-00C04F79EFBC}") = "HKSJ.WBVV.MVC.Common", "HKSJ.WBVV.MVC.Common\HKSJ.WBVV.MVC.Common.csproj", "{86CE61A4-0C84-4EBF-A9C6-43B6B3C15E45}"
EndProject
Project("{FAE04EC0-301F-11D3-BF4B-00C04F79EFBC}") = "HKSJ.Cache", "HKSJ.Cache\HKSJ.Cache.csproj", "{90762BC7-4662-4FED-BB27-259A41FB4413}"
EndProject
Project("{FAE04EC0-301F-11D3-BF4B-00C04F79EFBC}") = "HKSJ.Resource", "HKSJ.Resource\HKSJ.Resource.csproj", "{436DCABE-6A02-41E6-BD94-1D60A1AA8158}"
EndProject
Project("{FAE04EC0-301F-11D3-BF4B-00C04F79EFBC}") = "HKSJ.Utilities", "HKSJ.Utilities\HKSJ.Utilities.csproj", "{FAE073D8-95E2-45A8-BBAC-3E13439B3F3F}"
EndProject
Project("{FAE04EC0-301F-11D3-BF4B-00C04F79EFBC}") = "HKSJ.WBVV.MVC.Manage", "HKSJ.WBVV.MVC.Manage\HKSJ.WBVV.MVC.Manage.csproj", "{90A2D9E2-B669-4C83-B590-C93273C8E8D5}"
EndProject
Project("{FAE04EC0-301F-11D3-BF4B-00C04F79EFBC}") = "HKSJ.WBVV.MVC.Client", "HKSJ.WBVV.MVC.Client\HKSJ.WBVV.MVC.Client.csproj", "{E6975E3F-5517-4A0F-A067-1648EC98A134}"
EndProject
Project("{FAE04EC0-301F-11D3-BF4B-00C04F79EFBC}") = "HKSJ.WBVV.Message", "HKSJ.WBVV.Message\HKSJ.WBVV.Message.csproj", "{F93C5358-CED5-4D14-B90C-650EE1082280}"
EndProject
Global
	GlobalSection(SolutionConfigurationPlatforms) = preSolution
		Debug|Any CPU = Debug|Any CPU
		Release|Any CPU = Release|Any CPU
	EndGlobalSection
	GlobalSection(ProjectConfigurationPlatforms) = postSolution
		{E615A07F-9E1B-4DC8-9156-4753537E6CE4}.Debug|Any CPU.ActiveCfg = Debug|Any CPU
		{E615A07F-9E1B-4DC8-9156-4753537E6CE4}.Debug|Any CPU.Build.0 = Debug|Any CPU
		{E615A07F-9E1B-4DC8-9156-4753537E6CE4}.Release|Any CPU.ActiveCfg = Release|Any CPU
		{E615A07F-9E1B-4DC8-9156-4753537E6CE4}.Release|Any CPU.Build.0 = Release|Any CPU
		{A1173F2F-1E49-4D67-B65C-AE8A116310E8}.Debug|Any CPU.ActiveCfg = Debug|Any CPU
		{A1173F2F-1E49-4D67-B65C-AE8A116310E8}.Debug|Any CPU.Build.0 = Debug|Any CPU
		{A1173F2F-1E49-4D67-B65C-AE8A116310E8}.Release|Any CPU.ActiveCfg = Release|Any CPU
		{A1173F2F-1E49-4D67-B65C-AE8A116310E8}.Release|Any CPU.Build.0 = Release|Any CPU
		{5171FC5B-78C9-4776-ABD3-28C2D46D8CF5}.Debug|Any CPU.ActiveCfg = Debug|Any CPU
		{5171FC5B-78C9-4776-ABD3-28C2D46D8CF5}.Debug|Any CPU.Build.0 = Debug|Any CPU
		{5171FC5B-78C9-4776-ABD3-28C2D46D8CF5}.Release|Any CPU.ActiveCfg = Release|Any CPU
		{5171FC5B-78C9-4776-ABD3-28C2D46D8CF5}.Release|Any CPU.Build.0 = Release|Any CPU
		{88B7EF23-3930-4C34-943F-D95ADD960DF1}.Debug|Any CPU.ActiveCfg = Debug|Any CPU
		{88B7EF23-3930-4C34-943F-D95ADD960DF1}.Debug|Any CPU.Build.0 = Debug|Any CPU
		{88B7EF23-3930-4C34-943F-D95ADD960DF1}.Release|Any CPU.ActiveCfg = Release|Any CPU
		{88B7EF23-3930-4C34-943F-D95ADD960DF1}.Release|Any CPU.Build.0 = Release|Any CPU
		{1A6D040C-FD3E-4658-A47E-1F2523E63797}.Debug|Any CPU.ActiveCfg = Debug|Any CPU
		{1A6D040C-FD3E-4658-A47E-1F2523E63797}.Debug|Any CPU.Build.0 = Debug|Any CPU
		{1A6D040C-FD3E-4658-A47E-1F2523E63797}.Release|Any CPU.ActiveCfg = Release|Any CPU
		{1A6D040C-FD3E-4658-A47E-1F2523E63797}.Release|Any CPU.Build.0 = Release|Any CPU
		{41AE62D3-B7EF-4F09-9EAF-BC9DA17A3CDD}.Debug|Any CPU.ActiveCfg = Debug|Any CPU
		{41AE62D3-B7EF-4F09-9EAF-BC9DA17A3CDD}.Debug|Any CPU.Build.0 = Debug|Any CPU
		{41AE62D3-B7EF-4F09-9EAF-BC9DA17A3CDD}.Release|Any CPU.ActiveCfg = Release|Any CPU
		{41AE62D3-B7EF-4F09-9EAF-BC9DA17A3CDD}.Release|Any CPU.Build.0 = Release|Any CPU
		{1A2B6EE9-A295-4120-9019-ADC893837A89}.Debug|Any CPU.ActiveCfg = Debug|Any CPU
		{1A2B6EE9-A295-4120-9019-ADC893837A89}.Debug|Any CPU.Build.0 = Debug|Any CPU
		{1A2B6EE9-A295-4120-9019-ADC893837A89}.Release|Any CPU.ActiveCfg = Release|Any CPU
		{1A2B6EE9-A295-4120-9019-ADC893837A89}.Release|Any CPU.Build.0 = Release|Any CPU
		{D51DB4E1-E43F-428B-B16B-A33FCBECC600}.Debug|Any CPU.ActiveCfg = Debug|Any CPU
		{D51DB4E1-E43F-428B-B16B-A33FCBECC600}.Debug|Any CPU.Build.0 = Debug|Any CPU
		{D51DB4E1-E43F-428B-B16B-A33FCBECC600}.Release|Any CPU.ActiveCfg = Release|Any CPU
		{D51DB4E1-E43F-428B-B16B-A33FCBECC600}.Release|Any CPU.Build.0 = Release|Any CPU
		{B28A7E4B-7983-44D3-8A94-DA363BD0AB34}.Debug|Any CPU.ActiveCfg = Debug|Any CPU
		{B28A7E4B-7983-44D3-8A94-DA363BD0AB34}.Debug|Any CPU.Build.0 = Debug|Any CPU
		{B28A7E4B-7983-44D3-8A94-DA363BD0AB34}.Release|Any CPU.ActiveCfg = Release|Any CPU
		{B28A7E4B-7983-44D3-8A94-DA363BD0AB34}.Release|Any CPU.Build.0 = Release|Any CPU
		{C5446589-9CB2-4DBB-A228-E10D39C248B4}.Debug|Any CPU.ActiveCfg = Debug|Any CPU
		{C5446589-9CB2-4DBB-A228-E10D39C248B4}.Debug|Any CPU.Build.0 = Debug|Any CPU
		{C5446589-9CB2-4DBB-A228-E10D39C248B4}.Release|Any CPU.ActiveCfg = Release|Any CPU
		{C5446589-9CB2-4DBB-A228-E10D39C248B4}.Release|Any CPU.Build.0 = Release|Any CPU
		{86CE61A4-0C84-4EBF-A9C6-43B6B3C15E45}.Debug|Any CPU.ActiveCfg = Debug|Any CPU
		{86CE61A4-0C84-4EBF-A9C6-43B6B3C15E45}.Debug|Any CPU.Build.0 = Debug|Any CPU
		{86CE61A4-0C84-4EBF-A9C6-43B6B3C15E45}.Release|Any CPU.ActiveCfg = Release|Any CPU
		{86CE61A4-0C84-4EBF-A9C6-43B6B3C15E45}.Release|Any CPU.Build.0 = Release|Any CPU
		{90762BC7-4662-4FED-BB27-259A41FB4413}.Debug|Any CPU.ActiveCfg = Debug|Any CPU
		{90762BC7-4662-4FED-BB27-259A41FB4413}.Debug|Any CPU.Build.0 = Debug|Any CPU
		{90762BC7-4662-4FED-BB27-259A41FB4413}.Release|Any CPU.ActiveCfg = Release|Any CPU
		{90762BC7-4662-4FED-BB27-259A41FB4413}.Release|Any CPU.Build.0 = Release|Any CPU
		{436DCABE-6A02-41E6-BD94-1D60A1AA8158}.Debug|Any CPU.ActiveCfg = Debug|Any CPU
		{436DCABE-6A02-41E6-BD94-1D60A1AA8158}.Debug|Any CPU.Build.0 = Debug|Any CPU
		{436DCABE-6A02-41E6-BD94-1D60A1AA8158}.Release|Any CPU.ActiveCfg = Release|Any CPU
		{436DCABE-6A02-41E6-BD94-1D60A1AA8158}.Release|Any CPU.Build.0 = Release|Any CPU
		{FAE073D8-95E2-45A8-BBAC-3E13439B3F3F}.Debug|Any CPU.ActiveCfg = Debug|Any CPU
		{FAE073D8-95E2-45A8-BBAC-3E13439B3F3F}.Debug|Any CPU.Build.0 = Debug|Any CPU
		{FAE073D8-95E2-45A8-BBAC-3E13439B3F3F}.Release|Any CPU.ActiveCfg = Release|Any CPU
		{FAE073D8-95E2-45A8-BBAC-3E13439B3F3F}.Release|Any CPU.Build.0 = Release|Any CPU
		{90A2D9E2-B669-4C83-B590-C93273C8E8D5}.Debug|Any CPU.ActiveCfg = Debug|Any CPU
		{90A2D9E2-B669-4C83-B590-C93273C8E8D5}.Debug|Any CPU.Build.0 = Debug|Any CPU
		{90A2D9E2-B669-4C83-B590-C93273C8E8D5}.Release|Any CPU.ActiveCfg = Release|Any CPU
		{90A2D9E2-B669-4C83-B590-C93273C8E8D5}.Release|Any CPU.Build.0 = Release|Any CPU
		{E6975E3F-5517-4A0F-A067-1648EC98A134}.Debug|Any CPU.ActiveCfg = Debug|Any CPU
		{E6975E3F-5517-4A0F-A067-1648EC98A134}.Debug|Any CPU.Build.0 = Debug|Any CPU
		{E6975E3F-5517-4A0F-A067-1648EC98A134}.Release|Any CPU.ActiveCfg = Release|Any CPU
		{E6975E3F-5517-4A0F-A067-1648EC98A134}.Release|Any CPU.Build.0 = Release|Any CPU
		{F93C5358-CED5-4D14-B90C-650EE1082280}.Debug|Any CPU.ActiveCfg = Debug|Any CPU
		{F93C5358-CED5-4D14-B90C-650EE1082280}.Debug|Any CPU.Build.0 = Debug|Any CPU
		{F93C5358-CED5-4D14-B90C-650EE1082280}.Release|Any CPU.ActiveCfg = Release|Any CPU
		{F93C5358-CED5-4D14-B90C-650EE1082280}.Release|Any CPU.Build.0 = Release|Any CPU
	EndGlobalSection
	GlobalSection(SolutionProperties) = preSolution
		HideSolutionNode = FALSE
	EndGlobalSection
	GlobalSection(NestedProjects) = preSolution
		{E615A07F-9E1B-4DC8-9156-4753537E6CE4} = {92921313-4263-4C69-9D8C-9731A32F2DA0}
		{A1173F2F-1E49-4D67-B65C-AE8A116310E8} = {FF8C248A-5E13-43B9-9497-BD19A14CEA5C}
		{5171FC5B-78C9-4776-ABD3-28C2D46D8CF5} = {FF8C248A-5E13-43B9-9497-BD19A14CEA5C}
		{88B7EF23-3930-4C34-943F-D95ADD960DF1} = {06F40163-9AEA-45C1-A469-791397166B62}
		{1A6D040C-FD3E-4658-A47E-1F2523E63797} = {06F40163-9AEA-45C1-A469-791397166B62}
		{41AE62D3-B7EF-4F09-9EAF-BC9DA17A3CDD} = {E6981B73-BAD0-4531-9375-A837C8ACDA11}
		{1A2B6EE9-A295-4120-9019-ADC893837A89} = {E6981B73-BAD0-4531-9375-A837C8ACDA11}
		{D51DB4E1-E43F-428B-B16B-A33FCBECC600} = {E979093F-5489-4959-894A-9120CEC59F08}
		{B28A7E4B-7983-44D3-8A94-DA363BD0AB34} = {E979093F-5489-4959-894A-9120CEC59F08}
		{C5446589-9CB2-4DBB-A228-E10D39C248B4} = {198654B8-30BA-4C69-8773-A2C7458E7B9D}
		{86CE61A4-0C84-4EBF-A9C6-43B6B3C15E45} = {810A022D-0D8D-4039-A02B-3E93BB918F88}
		{90762BC7-4662-4FED-BB27-259A41FB4413} = {92921313-4263-4C69-9D8C-9731A32F2DA0}
		{436DCABE-6A02-41E6-BD94-1D60A1AA8158} = {92921313-4263-4C69-9D8C-9731A32F2DA0}
		{FAE073D8-95E2-45A8-BBAC-3E13439B3F3F} = {92921313-4263-4C69-9D8C-9731A32F2DA0}
		{90A2D9E2-B669-4C83-B590-C93273C8E8D5} = {810A022D-0D8D-4039-A02B-3E93BB918F88}
		{E6975E3F-5517-4A0F-A067-1648EC98A134} = {810A022D-0D8D-4039-A02B-3E93BB918F88}
		{F93C5358-CED5-4D14-B90C-650EE1082280} = {E979093F-5489-4959-894A-9120CEC59F08}
	EndGlobalSection
EndGlobal
